
Microsoft Visual Studio Solution File, Format Version 12.00
# Visual Studio Version 17
VisualStudioVersion = 17.5.33530.505
MinimumVisualStudioVersion = 10.0.40219.1
Project("{9A19103F-16F7-4668-BE54-9A1E7A4F7556}") = "ServiceProviderExample", "ServiceProviderExample.csproj", "{5357BE8F-B702-4DCA-9A1C-FA94BF96FE5B}"
EndProject
Global
	GlobalSection(SolutionConfigurationPlatforms) = preSolution
		Debug|Any CPU = Debug|Any CPU
		Release|Any CPU = Release|Any CPU
	EndGlobalSection
	GlobalSection(ProjectConfigurationPlatforms) = postSolution
		{5357BE8F-B702-4DCA-9A1C-FA94BF96FE5B}.Debug|Any CPU.ActiveCfg = Debug|Any CPU
		{5357BE8F-B702-4DCA-9A1C-FA94BF96FE5B}.Debug|Any CPU.Build.0 = Debug|Any CPU
		{5357BE8F-B702-4DCA-9A1C-FA94BF96FE5B}.Release|Any CPU.ActiveCfg = Release|Any CPU
		{5357BE8F-B702-4DCA-9A1C-FA94BF96FE5B}.Release|Any CPU.Build.0 = Release|Any CPU
	EndGlobalSection
	GlobalSection(SolutionProperties) = preSolution
		HideSolutionNode = FALSE
	EndGlobalSection
	GlobalSection(ExtensibilityGlobals) = postSolution
		SolutionGuid = {C2C83CD7-99C9-41B0-9636-2C62052F4C5D}
	EndGlobalSection
EndGlobal
